
Microsoft Visual Studio Solution File, Format Version 12.00
# Visual Studio Version 16
VisualStudioVersion = 16.0.31729.503
MinimumVisualStudioVersion = 10.0.40219.1
Project("{8BC9CEB8-8B4A-11D0-8D11-00A0C91BC942}") = "DoublePopsicle", "DoublePopsicle\DoublePopsicle.vcxproj", "{BBF15B17-21B7-4D50-B817-CECB160C5DBF}"
EndProject
Project("{8BC9CEB8-8B4A-11D0-8D11-00A0C91BC942}") = "example", "example\example.vcxproj", "{3D035CE8-BFF9-41EE-B429-F99F901D13B6}"
EndProject
Global
	GlobalSection(SolutionConfigurationPlatforms) = preSolution
		Debug|x64 = Debug|x64
		Debug|x86 = Debug|x86
		Release|x64 = Release|x64
		Release|x86 = Release|x86
	EndGlobalSection
	GlobalSection(ProjectConfigurationPlatforms) = postSolution
		{BBF15B17-21B7-4D50-B817-CECB160C5DBF}.Debug|x64.ActiveCfg = Debug|x64
		{BBF15B17-21B7-4D50-B817-CECB160C5DBF}.Debug|x64.Build.0 = Debug|x64
		{BBF15B17-21B7-4D50-B817-CECB160C5DBF}.Debug|x86.ActiveCfg = Debug|x64
		{BBF15B17-21B7-4D50-B817-CECB160C5DBF}.Debug|x86.Build.0 = Debug|x64
		{BBF15B17-21B7-4D50-B817-CECB160C5DBF}.Release|x64.ActiveCfg = Release|x64
		{BBF15B17-21B7-4D50-B817-CECB160C5DBF}.Release|x64.Build.0 = Release|x64
		{BBF15B17-21B7-4D50-B817-CECB160C5DBF}.Release|x86.ActiveCfg = Release|Win32
		{BBF15B17-21B7-4D50-B817-CECB160C5DBF}.Release|x86.Build.0 = Release|Win32
		{3D035CE8-BFF9-41EE-B429-F99F901D13B6}.Debug|x64.ActiveCfg = Debug|x64
		{3D035CE8-BFF9-41EE-B429-F99F901D13B6}.Debug|x64.Build.0 = Debug|x64
		{3D035CE8-BFF9-41EE-B429-F99F901D13B6}.Debug|x86.ActiveCfg = Debug|x64
		{3D035CE8-BFF9-41EE-B429-F99F901D13B6}.Debug|x86.Build.0 = Debug|x64
		{3D035CE8-BFF9-41EE-B429-F99F901D13B6}.Release|x64.ActiveCfg = Release|x64
		{3D035CE8-BFF9-41EE-B429-F99F901D13B6}.Release|x64.Build.0 = Release|x64
		{3D035CE8-BFF9-41EE-B429-F99F901D13B6}.Release|x86.ActiveCfg = Release|Win32
		{3D035CE8-BFF9-41EE-B429-F99F901D13B6}.Release|x86.Build.0 = Release|Win32
	EndGlobalSection
	GlobalSection(SolutionProperties) = preSolution
		HideSolutionNode = FALSE
	EndGlobalSection
	GlobalSection(ExtensibilityGlobals) = postSolution
		SolutionGuid = {F0FC2AD9-3400-4C42-B0B0-FF7EDD9DF2B6}
	EndGlobalSection
EndGlobal
